// !$*UTF8*$!
{
	archiveVersion = 1;
	classes = {
	};
	objectVersion = 46;
	objects = {

/* Begin PBXBuildFile section */
		BA5630501E39401B004C0667 /* AppDelegate.swift in Sources */ = {isa = PBXBuildFile; fileRef = BA56304F1E39401B004C0667 /* AppDelegate.swift */; };
		BA5630521E39401B004C0667 /* ViewController.swift in Sources */ = {isa = PBXBuildFile; fileRef = BA5630511E39401B004C0667 /* ViewController.swift */; };
		BA5630551E39401B004C0667 /* Main.storyboard in Resources */ = {isa = PBXBuildFile; fileRef = BA5630531E39401B004C0667 /* Main.storyboard */; };
		BA5630571E39401B004C0667 /* Assets.xcassets in Resources */ = {isa = PBXBuildFile; fileRef = BA5630561E39401B004C0667 /* Assets.xcassets */; };
		BA56305A1E39401B004C0667 /* LaunchScreen.storyboard in Resources */ = {isa = PBXBuildFile; fileRef = BA5630581E39401B004C0667 /* LaunchScreen.storyboard */; };
/* End PBXBuildFile section */

/* Begin PBXFileReference section */
		BA56304C1E39401B004C0667 /* WeatherAppUsingAPI.app */ = {isa = PBXFileReference; explicitFileType = wrapper.application; includeInIndex = 0; path = WeatherAppUsingAPI.app; sourceTree = BUILT_PRODUCTS_DIR; };
		BA56304F1E39401B004C0667 /* AppDelegate.swift */ = {isa = PBXFileReference; lastKnownFileType = sourcecode.swift; path = AppDelegate.swift; sourceTree = "<group>"; };
		BA5630511E39401B004C0667 /* ViewController.swift */ = {isa = PBXFileReference; lastKnownFileType = sourcecode.swift; path = ViewController.swift; sourceTree = "<group>"; };
		BA5630541E39401B004C0667 /* Base */ = {isa = PBXFileReference; lastKnownFileType = file.storyboard; name = Base; path = Base.lproj/Main.storyboard; sourceTree = "<group>"; };
		BA5630561E39401B004C0667 /* Assets.xcassets */ = {isa = PBXFileReference; lastKnownFileType = folder.assetcatalog; path = Assets.xcassets; sourceTree = "<group>"; };
		BA5630591E39401B004C0667 /* Base */ = {isa = PBXFileReference; lastKnownFileType = file.storyboard; name = Base; path = Base.lproj/LaunchScreen.storyboard; sourceTree = "<group>"; };
		BA56305B1E39401B004C0667 /* Info.plist */ = {isa = PBXFileReference; lastKnownFileType = text.plist.xml; path = Info.plist; sourceTree = "<group>"; };
/* End PBXFileReference section */

/* Begin PBXFrameworksBuildPhase section */
		BA5630491E39401B004C0667 /* Frameworks */ = {
			isa = PBXFrameworksBuildPhase;
			buildActionMask = 2147483647;
			files = (
			);
			runOnlyForDeploymentPostprocessing = 0;
		};
/* End PBXFrameworksBuildPhase section */

/* Begin PBXGroup section */
		BA5630431E39401B004C0667 = {
			isa = PBXGroup;
			children = (
				BA56304E1E39401B004C0667 /* WeatherAppUsingAPI */,
				BA56304D1E39401B004C0667 /* Products */,
			);
			sourceTree = "<group>";
		};
		BA56304D1E39401B004C0667 /* Products */ = {
			isa = PBXGroup;
			children = (
				BA56304C1E39401B004C0667 /* WeatherAppUsingAPI.app */,
			);
			name = Products;
			sourceTree = "<group>";
		};
		BA56304E1E39401B004C0667 /* WeatherAppUsingAPI */ = {
			isa = PBXGroup;
			children = (
				BA56304F1E39401B004C0667 /* AppDelegate.swift */,
				BA5630511E39401B004C0667 /* ViewController.swift */,
				BA5630531E39401B004C0667 /* Main.storyboard */,
				BA5630561E39401B004C0667 /* Assets.xcassets */,
				BA5630581E39401B004C0667 /* LaunchScreen.storyboard */,
				BA56305B1E39401B004C0667 /* Info.plist */,
			);
			path = WeatherAppUsingAPI;
			sourceTree = "<group>";
		};
/* End PBXGroup section */

/* Begin PBXNativeTarget section */
		BA56304B1E39401B004C0667 /* WeatherAppUsingAPI */ = {
			isa = PBXNativeTarget;
			buildConfigurationList = BA56305E1E39401B004C0667 /* Build configuration list for PBXNativeTarget "WeatherAppUsingAPI" */;
			buildPhases = (
				BA5630481E39401B004C0667 /* Sources */,
				BA5630491E39401B004C0667 /* Frameworks */,
				BA56304A1E39401B004C0667 /* Resources */,
			);
			buildRules = (
			);
			dependencies = (
			);
			name = WeatherAppUsingAPI;
			productName = WeatherAppUsingAPI;
			productReference = BA56304C1E39401B004C0667 /* WeatherAppUsingAPI.app */;
			productType = "com.apple.product-type.application";
		};
/* End PBXNativeTarget section */

/* Begin PBXProject section */
		BA5630441E39401B004C0667 /* Project object */ = {
			isa = PBXProject;
			attributes = {
				LastSwiftUpdateCheck = 0820;
				LastUpgradeCheck = 0820;
				ORGANIZATIONNAME = kalikans;
				TargetAttributes = {
					BA56304B1E39401B004C0667 = {
						CreatedOnToolsVersion = 8.2.1;
						ProvisioningStyle = Automatic;
					};
				};
			};
			buildConfigurationList = BA5630471E39401B004C0667 /* Build configuration list for PBXProject "WeatherAppUsingAPI" */;
			compatibilityVersion = "Xcode 3.2";
			developmentRegion = English;
			hasScannedForEncodings = 0;
			knownRegions = (
				en,
				Base,
			);
			mainGroup = BA5630431E39401B004C0667;
			productRefGroup = BA56304D1E39401B004C0667 /* Products */;
			projectDirPath = "";
			projectRoot = "";
			targets = (
				BA56304B1E39401B004C0667 /* WeatherAppUsingAPI */,
			);
		};
/* End PBXProject section */

/* Begin PBXResourcesBuildPhase section */
		BA56304A1E39401B004C0667 /* Resources */ = {
			isa = PBXResourcesBuildPhase;
			buildActionMask = 2147483647;
			files = (
				BA56305A1E39401B004C0667 /* LaunchScreen.storyboard in Resources */,
				BA5630571E39401B004C0667 /* Assets.xcassets in Resources */,
				BA5630551E39401B004C0667 /* Main.storyboard in Resources */,
			);
			runOnlyForDeploymentPostprocessing = 0;
		};
/* End PBXResourcesBuildPhase section */

/* Begin PBXSourcesBuildPhase section */
		BA5630481E39401B004C0667 /* Sources */ = {
			isa = PBXSourcesBuildPhase;
			buildActionMask = 2147483647;
			files = (
				BA5630521E39401B004C0667 /* ViewController.swift in Sources */,
				BA5630501E39401B004C0667 /* AppDelegate.swift in Sources */,
			);
			runOnlyForDeploymentPostprocessing = 0;
		};
/* End PBXSourcesBuildPhase section */

/* Begin PBXVariantGroup section */
		BA5630531E39401B004C0667 /* Main.storyboard */ = {
			isa = PBXVariantGroup;
			children = (
				BA5630541E39401B004C0667 /* Base */,
			);
			name = Main.storyboard;
			sourceTree = "<group>";
		};
		BA5630581E39401B004C0667 /* LaunchScreen.storyboard */ = {
			isa = PBXVariantGroup;
			children = (
				BA5630591E39401B004C0667 /* Base */,
			);
			name = LaunchScreen.storyboard;
			sourceTree = "<group>";
		};
/* End PBXVariantGroup section */

/* Begin XCBuildConfiguration section */
		BA56305C1E39401B004C0667 /* Debug */ = {
			isa = XCBuildConfiguration;
			buildSettings = {
				ALWAYS_SEARCH_USER_PATHS = NO;
				CLANG_ANALYZER_NONNULL = YES;
				CLANG_CXX_LANGUAGE_STANDARD = "gnu++0x";
				CLANG_CXX_LIBRARY = "libc++";
				CLANG_ENABLE_MODULES = YES;
				CLANG_ENABLE_OBJC_ARC = YES;
				CLANG_WARN_BOOL_CONVERSION = YES;
				CLANG_WARN_CONSTANT_CONVERSION = YES;
				CLANG_WARN_DIRECT_OBJC_ISA_USAGE = YES_ERROR;
				CLANG_WARN_DOCUMENTATION_COMMENTS = YES;
				CLANG_WARN_EMPTY_BODY = YES;
				CLANG_WARN_ENUM_CONVERSION = YES;
				CLANG_WARN_INFINITE_RECURSION = YES;
				CLANG_WARN_INT_CONVERSION = YES;
				CLANG_WARN_OBJC_ROOT_CLASS = YES_ERROR;
				CLANG_WARN_SUSPICIOUS_MOVE = YES;
				CLANG_WARN_UNREACHABLE_CODE = YES;
				CLANG_WARN__DUPLICATE_METHOD_MATCH = YES;
				"CODE_SIGN_IDENTITY[sdk=iphoneos*]" = "iPhone Developer";
				COPY_PHASE_STRIP = NO;
				DEBUG_INFORMATION_FORMAT = dwarf;
				ENABLE_STRICT_OBJC_MSGSEND = YES;
				ENABLE_TESTABILITY = YES;
				GCC_C_LANGUAGE_STANDARD = gnu99;
				GCC_DYNAMIC_NO_PIC = NO;
				GCC_NO_COMMON_BLOCKS = YES;
				GCC_OPTIMIZATION_LEVEL = 0;
				GCC_PREPROCESSOR_DEFINITIONS = (
					"DEBUG=1",
					"$(inherited)",
				);
				GCC_WARN_64_TO_32_BIT_CONVERSION = YES;
				GCC_WARN_ABOUT_RETURN_TYPE = YES_ERROR;
				GCC_WARN_UNDECLARED_SELECTOR = YES;
				GCC_WARN_UNINITIALIZED_AUTOS = YES_AGGRESSIVE;
				GCC_WARN_UNUSED_FUNCTION = YES;
				GCC_WARN_UNUSED_VARIABLE = YES;
				IPHONEOS_DEPLOYMENT_TARGET = 10.2;
				MTL_ENABLE_DEBUG_INFO = YES;
				ONLY_ACTIVE_ARCH = YES;
				SDKROOT = iphoneos;
				SWIFT_ACTIVE_COMPILATION_CONDITIONS = DEBUG;
				SWIFT_OPTIMIZATION_LEVEL = "-Onone";
				TARGETED_DEVICE_FAMILY = "1,2";
			};
			name = Debug;
		};
		BA56305D1E39401B004C0667 /* Release */ = {
			isa = XCBuildConfiguration;
			buildSettings = {
				ALWAYS_SEARCH_USER_PATHS = NO;
				CLANG_ANALYZER_NONNULL = YES;
				CLANG_CXX_LANGUAGE_STANDARD = "gnu++0x";
				CLANG_CXX_LIBRARY = "libc++";
				CLANG_ENABLE_MODULES = YES;
				CLANG_ENABLE_OBJC_ARC = YES;
				CLANG_WARN_BOOL_CONVERSION = YES;
				CLANG_WARN_CONSTANT_CONVERSION = YES;
				CLANG_WARN_DIRECT_OBJC_ISA_USAGE = YES_ERROR;
				CLANG_WARN_DOCUMENTATION_COMMENTS = YES;
				CLANG_WARN_EMPTY_BODY = YES;
				CLANG_WARN_ENUM_CONVERSION = YES;
				CLANG_WARN_INFINITE_RECURSION = YES;
				CLANG_WARN_INT_CONVERSION = YES;
				CLANG_WARN_OBJC_ROOT_CLASS = YES_ERROR;
				CLANG_WARN_SUSPICIOUS_MOVE = YES;
				CLANG_WARN_UNREACHABLE_CODE = YES;
				CLANG_WARN__DUPLICATE_METHOD_MATCH = YES;
				"CODE_SIGN_IDENTITY[sdk=iphoneos*]" = "iPhone Developer";
				COPY_PHASE_STRIP = NO;
				DEBUG_INFORMATION_FORMAT = "dwarf-with-dsym";
				ENABLE_NS_ASSERTIONS = NO;
				ENABLE_STRICT_OBJC_MSGSEND = YES;
				GCC_C_LANGUAGE_STANDARD = gnu99;
				GCC_NO_COMMON_BLOCKS = YES;
				GCC_WARN_64_TO_32_BIT_CONVERSION = YES;
				GCC_WARN_ABOUT_RETURN_TYPE = YES_ERROR;
				GCC_WARN_UNDECLARED_SELECTOR = YES;
				GCC_WARN_UNINITIALIZED_AUTOS = YES_AGGRESSIVE;
				GCC_WARN_UNUSED_FUNCTION = YES;
				GCC_WARN_UNUSED_VARIABLE = YES;
				IPHONEOS_DEPLOYMENT_TARGET = 10.2;
				MTL_ENABLE_DEBUG_INFO = NO;
				SDKROOT = iphoneos;
				SWIFT_OPTIMIZATION_LEVEL = "-Owholemodule";
				TARGETED_DEVICE_FAMILY = "1,2";
				VALIDATE_PRODUCT = YES;
			};
			name = Release;
		};
		BA56305F1E39401B004C0667 /* Debug */ = {
			isa = XCBuildConfiguration;
			buildSettings = {
				ASSETCATALOG_COMPILER_APPICON_NAME = AppIcon;
				INFOPLIST_FILE = WeatherAppUsingAPI/Info.plist;
				LD_RUNPATH_SEARCH_PATHS = "$(inherited) @executable_path/Frameworks";
				PRODUCT_BUNDLE_IDENTIFIER = com.kalikans.WeatherAppUsingAPI;
				PRODUCT_NAME = "$(TARGET_NAME)";
				SWIFT_VERSION = 3.0;
			};
			name = Debug;
		};
		BA5630601E39401B004C0667 /* Release */ = {
			isa = XCBuildConfiguration;
			buildSettings = {
				ASSETCATALOG_COMPILER_APPICON_NAME = AppIcon;
				INFOPLIST_FILE = WeatherAppUsingAPI/Info.plist;
				LD_RUNPATH_SEARCH_PATHS = "$(inherited) @executable_path/Frameworks";
				PRODUCT_BUNDLE_IDENTIFIER = com.kalikans.WeatherAppUsingAPI;
				PRODUCT_NAME = "$(TARGET_NAME)";
				SWIFT_VERSION = 3.0;
			};
			name = Release;
		};
/* End XCBuildConfiguration section */

/* Begin XCConfigurationList section */
		BA5630471E39401B004C0667 /* Build configuration list for PBXProject "WeatherAppUsingAPI" */ = {
			isa = XCConfigurationList;
			buildConfigurations = (
				BA56305C1E39401B004C0667 /* Debug */,
				BA56305D1E39401B004C0667 /* Release */,
			);
			defaultConfigurationIsVisible = 0;
			defaultConfigurationName = Release;
		};
		BA56305E1E39401B004C0667 /* Build configuration list for PBXNativeTarget "WeatherAppUsingAPI" */ = {
			isa = XCConfigurationList;
			buildConfigurations = (
				BA56305F1E39401B004C0667 /* Debug */,
				BA5630601E39401B004C0667 /* Release */,
			);
			defaultConfigurationIsVisible = 0;
		};
/* End XCConfigurationList section */
	};
	rootObject = BA5630441E39401B004C0667 /* Project object */;
}
